
Microsoft Visual Studio Solution File, Format Version 12.00
# Visual Studio 15
VisualStudioVersion = 15.0.28307.421
MinimumVisualStudioVersion = 10.0.40219.1
Project("{FAE04EC0-301F-11D3-BF4B-00C04F79EFBC}") = "WebApplication1", "WebApplication1\WebApplication1.csproj", "{0949DBCD-07D2-4C24-AA5C-5FD44AFE3A60}"
EndProject
Global
	GlobalSection(SolutionConfigurationPlatforms) = preSolution
		Debug|Any CPU = Debug|Any CPU
		Release|Any CPU = Release|Any CPU
	EndGlobalSection
	GlobalSection(ProjectConfigurationPlatforms) = postSolution
		{0949DBCD-07D2-4C24-AA5C-5FD44AFE3A60}.Debug|Any CPU.ActiveCfg = Debug|Any CPU
		{0949DBCD-07D2-4C24-AA5C-5FD44AFE3A60}.Debug|Any CPU.Build.0 = Debug|Any CPU
		{0949DBCD-07D2-4C24-AA5C-5FD44AFE3A60}.Release|Any CPU.ActiveCfg = Release|Any CPU
		{0949DBCD-07D2-4C24-AA5C-5FD44AFE3A60}.Release|Any CPU.Build.0 = Release|Any CPU
	EndGlobalSection
	GlobalSection(SolutionProperties) = preSolution
		HideSolutionNode = FALSE
	EndGlobalSection
	GlobalSection(ExtensibilityGlobals) = postSolution
		SolutionGuid = {BB3E91B3-7DA7-4052-A72F-C29F5272C868}
	EndGlobalSection
EndGlobal
